
Microsoft Visual Studio Solution File, Format Version 12.00
# Visual Studio Version 17
VisualStudioVersion = 17.6.33712.159
MinimumVisualStudioVersion = 10.0.40219.1
Project("{9A19103F-16F7-4668-BE54-9A1E7A4F7556}") = "01_intro_to_ef", "01_intro_to_ef\01_intro_to_ef.csproj", "{1081633C-C494-4B87-97BA-AB8ED644DF2E}"
EndProject
Project("{FAE04EC0-301F-11D3-BF4B-00C04F79EFBC}") = "02_wpf_client", "02_wpf_client\02_wpf_client.csproj", "{0670C7FF-90A2-43E1-BF0E-72E45182BA35}"
EndProject
Project("{FAE04EC0-301F-11D3-BF4B-00C04F79EFBC}") = "data_access", "data_access\data_access.csproj", "{61216A70-039A-498E-B508-3B156BC6378F}"
EndProject
Global
	GlobalSection(SolutionConfigurationPlatforms) = preSolution
		Debug|Any CPU = Debug|Any CPU
		Release|Any CPU = Release|Any CPU
	EndGlobalSection
	GlobalSection(ProjectConfigurationPlatforms) = postSolution
		{1081633C-C494-4B87-97BA-AB8ED644DF2E}.Debug|Any CPU.ActiveCfg = Debug|Any CPU
		{1081633C-C494-4B87-97BA-AB8ED644DF2E}.Debug|Any CPU.Build.0 = Debug|Any CPU
		{1081633C-C494-4B87-97BA-AB8ED644DF2E}.Release|Any CPU.ActiveCfg = Release|Any CPU
		{1081633C-C494-4B87-97BA-AB8ED644DF2E}.Release|Any CPU.Build.0 = Release|Any CPU
		{0670C7FF-90A2-43E1-BF0E-72E45182BA35}.Debug|Any CPU.ActiveCfg = Debug|Any CPU
		{0670C7FF-90A2-43E1-BF0E-72E45182BA35}.Debug|Any CPU.Build.0 = Debug|Any CPU
		{0670C7FF-90A2-43E1-BF0E-72E45182BA35}.Release|Any CPU.ActiveCfg = Release|Any CPU
		{0670C7FF-90A2-43E1-BF0E-72E45182BA35}.Release|Any CPU.Build.0 = Release|Any CPU
		{61216A70-039A-498E-B508-3B156BC6378F}.Debug|Any CPU.ActiveCfg = Debug|Any CPU
		{61216A70-039A-498E-B508-3B156BC6378F}.Debug|Any CPU.Build.0 = Debug|Any CPU
		{61216A70-039A-498E-B508-3B156BC6378F}.Release|Any CPU.ActiveCfg = Release|Any CPU
		{61216A70-039A-498E-B508-3B156BC6378F}.Release|Any CPU.Build.0 = Release|Any CPU
	EndGlobalSection
	GlobalSection(SolutionProperties) = preSolution
		HideSolutionNode = FALSE
	EndGlobalSection
	GlobalSection(ExtensibilityGlobals) = postSolution
		SolutionGuid = {15D0152F-102D-4FE8-8342-4DA9F3582C87}
	EndGlobalSection
EndGlobal
